
Microsoft Visual Studio Solution File, Format Version 12.00
# Visual Studio Version 16
VisualStudioVersion = 16.0.29306.81
MinimumVisualStudioVersion = 10.0.40219.1
Project("{FAE04EC0-301F-11D3-BF4B-00C04F79EFBC}") = "MaterialLogin", "MaterialLogin\MaterialLogin.csproj", "{A0C1B2FF-617A-45C3-AB8F-30A4F727A4A9}"
EndProject
Global
	GlobalSection(SolutionConfigurationPlatforms) = preSolution
		Debug|Any CPU = Debug|Any CPU
		Release|Any CPU = Release|Any CPU
	EndGlobalSection
	GlobalSection(ProjectConfigurationPlatforms) = postSolution
		{A0C1B2FF-617A-45C3-AB8F-30A4F727A4A9}.Debug|Any CPU.ActiveCfg = Debug|Any CPU
		{A0C1B2FF-617A-45C3-AB8F-30A4F727A4A9}.Debug|Any CPU.Build.0 = Debug|Any CPU
		{A0C1B2FF-617A-45C3-AB8F-30A4F727A4A9}.Release|Any CPU.ActiveCfg = Release|Any CPU
		{A0C1B2FF-617A-45C3-AB8F-30A4F727A4A9}.Release|Any CPU.Build.0 = Release|Any CPU
	EndGlobalSection
	GlobalSection(SolutionProperties) = preSolution
		HideSolutionNode = FALSE
	EndGlobalSection
	GlobalSection(ExtensibilityGlobals) = postSolution
		SolutionGuid = {769ABBB7-4565-478E-9C7A-E84928342FBC}
	EndGlobalSection
EndGlobal
